// !$*UTF8*$!
{
	archiveVersion = 1;
	classes = {
	};
	objectVersion = 46;
	objects = {

/* Begin PBXBuildFile section */
		181AA12A1E62E3D2000CC0B0 /* SingleCheapterViewController.swift in Sources */ = {isa = PBXBuildFile; fileRef = 181AA1291E62E3D2000CC0B0 /* SingleCheapterViewController.swift */; };
		18299EBF1F45C3D000285EB5 /* AboutTableViewCell.swift in Sources */ = {isa = PBXBuildFile; fileRef = 18299EBE1F45C3D000285EB5 /* AboutTableViewCell.swift */; };
		18299EC11F45C6E000285EB5 /* loveMames.plist in Resources */ = {isa = PBXBuildFile; fileRef = 18299EC01F45C6E000285EB5 /* loveMames.plist */; };
		18299EC31F45C77400285EB5 /* MemoryMames.plist in Resources */ = {isa = PBXBuildFile; fileRef = 18299EC21F45C77400285EB5 /* MemoryMames.plist */; };
		1830B5DA1E6DA1F30040C2F4 /* TosastBarMenager.swift in Sources */ = {isa = PBXBuildFile; fileRef = 1830B5D91E6DA1F30040C2F4 /* TosastBarMenager.swift */; };
		18330C321E59CE7D00B96CB1 /* AppDelegate.swift in Sources */ = {isa = PBXBuildFile; fileRef = 18330C311E59CE7D00B96CB1 /* AppDelegate.swift */; };
		18330C341E59CE7D00B96CB1 /* ViewController.swift in Sources */ = {isa = PBXBuildFile; fileRef = 18330C331E59CE7D00B96CB1 /* ViewController.swift */; };
		18330C371E59CE7D00B96CB1 /* Main.storyboard in Resources */ = {isa = PBXBuildFile; fileRef = 18330C351E59CE7D00B96CB1 /* Main.storyboard */; };
		18330C391E59CE7D00B96CB1 /* Assets.xcassets in Resources */ = {isa = PBXBuildFile; fileRef = 18330C381E59CE7D00B96CB1 /* Assets.xcassets */; };
		18330C3C1E59CE7D00B96CB1 /* LaunchScreen.storyboard in Resources */ = {isa = PBXBuildFile; fileRef = 18330C3A1E59CE7D00B96CB1 /* LaunchScreen.storyboard */; };
		18330C491E59DE4F00B96CB1 /* MainTableViewCell.swift in Sources */ = {isa = PBXBuildFile; fileRef = 18330C481E59DE4F00B96CB1 /* MainTableViewCell.swift */; };
		18330C4B1E59E0AC00B96CB1 /* PrayViewController.swift in Sources */ = {isa = PBXBuildFile; fileRef = 18330C4A1E59E0AC00B96CB1 /* PrayViewController.swift */; };
		18330C4D1E59EB3200B96CB1 /* MonthlyThilim.plist in Resources */ = {isa = PBXBuildFile; fileRef = 18330C4C1E59EB3200B96CB1 /* MonthlyThilim.plist */; };
		184BCE641F37481900ED0958 /* AboutViewController.swift in Sources */ = {isa = PBXBuildFile; fileRef = 184BCE631F37481900ED0958 /* AboutViewController.swift */; };
		184BCE6C1F383B9E00ED0958 /* NotificationCenter.framework in Frameworks */ = {isa = PBXBuildFile; fileRef = 184BCE6B1F383B9E00ED0958 /* NotificationCenter.framework */; };
		184BCE6F1F383B9E00ED0958 /* TodayViewController.swift in Sources */ = {isa = PBXBuildFile; fileRef = 184BCE6E1F383B9E00ED0958 /* TodayViewController.swift */; };
		184BCE721F383B9E00ED0958 /* MainInterface.storyboard in Resources */ = {isa = PBXBuildFile; fileRef = 184BCE701F383B9E00ED0958 /* MainInterface.storyboard */; };
		184BCE761F383B9E00ED0958 /* ThilimToday.appex in Embed App Extensions */ = {isa = PBXBuildFile; fileRef = 184BCE691F383B9E00ED0958 /* ThilimToday.appex */; settings = {ATTRIBUTES = (RemoveHeadersOnCopy, ); }; };
		184BCE7B1F38417C00ED0958 /* MainTableViewCell.swift in Sources */ = {isa = PBXBuildFile; fileRef = 18330C481E59DE4F00B96CB1 /* MainTableViewCell.swift */; };
		184BCE7D1F38558300ED0958 /* DeepLinkingManager.swift in Sources */ = {isa = PBXBuildFile; fileRef = 184BCE7C1F38558300ED0958 /* DeepLinkingManager.swift */; };
		184BCE7E1F3855AA00ED0958 /* Localizable.strings in Resources */ = {isa = PBXBuildFile; fileRef = 18AF8CA01EB70B96002103D1 /* Localizable.strings */; };
		184BCE7F1F38603400ED0958 /* Assets.xcassets in Resources */ = {isa = PBXBuildFile; fileRef = 18330C381E59CE7D00B96CB1 /* Assets.xcassets */; };
		185B96E11E632597008EECB3 /* EditPorsanlChaptersViewController.swift in Sources */ = {isa = PBXBuildFile; fileRef = 185B96E01E632597008EECB3 /* EditPorsanlChaptersViewController.swift */; };
		185B96E31E644318008EECB3 /* EditPorsanlChaptersCell.swift in Sources */ = {isa = PBXBuildFile; fileRef = 185B96E21E644318008EECB3 /* EditPorsanlChaptersCell.swift */; };
		186162EC1F56F3D5000F0CD4 /* AlulThilim.plist in Resources */ = {isa = PBXBuildFile; fileRef = 186162EB1F56F3D5000F0CD4 /* AlulThilim.plist */; };
		187A6AF41E5DF3A900DF7B96 /* PrayTableViewCell.swift in Sources */ = {isa = PBXBuildFile; fileRef = 187A6AF31E5DF3A900DF7B96 /* PrayTableViewCell.swift */; };
		187B2C6F1E65D2F60025EC2D /* AddNewChapterViewController.swift in Sources */ = {isa = PBXBuildFile; fileRef = 187B2C6E1E65D2F60025EC2D /* AddNewChapterViewController.swift */; };
		187B2C711E65F8480025EC2D /* Utils.swift in Sources */ = {isa = PBXBuildFile; fileRef = 187B2C701E65F8480025EC2D /* Utils.swift */; };
		187E02B71E5C1D4F00290991 /* PikerView.swift in Sources */ = {isa = PBXBuildFile; fileRef = 187E02B61E5C1D4F00290991 /* PikerView.swift */; };
		18A2A3BC1E5B0E1A00EE8B10 /* BoooksThilim.plist in Resources */ = {isa = PBXBuildFile; fileRef = 18A2A3BB1E5B0E1A00EE8B10 /* BoooksThilim.plist */; };
		18A2A3BE1E5B0E4B00EE8B10 /* WeeklyThilim.plist in Resources */ = {isa = PBXBuildFile; fileRef = 18A2A3BD1E5B0E4B00EE8B10 /* WeeklyThilim.plist */; };
		18A2A3C01E5B0E6E00EE8B10 /* personThilim.plist in Resources */ = {isa = PBXBuildFile; fileRef = 18A2A3BF1E5B0E6E00EE8B10 /* personThilim.plist */; };
		18AF8CA11EB70B96002103D1 /* Localizable.strings in Resources */ = {isa = PBXBuildFile; fileRef = 18AF8CA01EB70B96002103D1 /* Localizable.strings */; };
		18EB07C21F38A58F004DF73D /* AVFoundation.framework in Frameworks */ = {isa = PBXBuildFile; fileRef = 18EB07C01F38A58F004DF73D /* AVFoundation.framework */; };
		18EB07C31F38A58F004DF73D /* Foundation.framework in Frameworks */ = {isa = PBXBuildFile; fileRef = 18EB07C11F38A58F004DF73D /* Foundation.framework */; };
/* End PBXBuildFile section */

/* Begin PBXContainerItemProxy section */
		184BCE741F383B9E00ED0958 /* PBXContainerItemProxy */ = {
			isa = PBXContainerItemProxy;
			containerPortal = 18330C261E59CE7D00B96CB1 /* Project object */;
			proxyType = 1;
			remoteGlobalIDString = 184BCE681F383B9E00ED0958;
			remoteInfo = ThilimToday;
		};
/* End PBXContainerItemProxy section */

/* Begin PBXCopyFilesBuildPhase section */
		184BCE7A1F383B9E00ED0958 /* Embed App Extensions */ = {
			isa = PBXCopyFilesBuildPhase;
			buildActionMask = 2147483647;
			dstPath = "";
			dstSubfolderSpec = 13;
			files = (
				184BCE761F383B9E00ED0958 /* ThilimToday.appex in Embed App Extensions */,
			);
			name = "Embed App Extensions";
			runOnlyForDeploymentPostprocessing = 0;
		};
/* End PBXCopyFilesBuildPhase section */

/* Begin PBXFileReference section */
		181AA1291E62E3D2000CC0B0 /* SingleCheapterViewController.swift */ = {isa = PBXFileReference; fileEncoding = 4; lastKnownFileType = sourcecode.swift; path = SingleCheapterViewController.swift; sourceTree = "<group>"; };
		18299EBE1F45C3D000285EB5 /* AboutTableViewCell.swift */ = {isa = PBXFileReference; fileEncoding = 4; lastKnownFileType = sourcecode.swift; name = AboutTableViewCell.swift; path = aboutCell/AboutTableViewCell.swift; sourceTree = "<group>"; };
		18299EC01F45C6E000285EB5 /* loveMames.plist */ = {isa = PBXFileReference; fileEncoding = 4; lastKnownFileType = text.plist.xml; name = loveMames.plist; path = Thilim/loveMames.plist; sourceTree = SOURCE_ROOT; };
		18299EC21F45C77400285EB5 /* MemoryMames.plist */ = {isa = PBXFileReference; fileEncoding = 4; lastKnownFileType = text.plist.xml; path = MemoryMames.plist; sourceTree = "<group>"; };
		1830B5D91E6DA1F30040C2F4 /* TosastBarMenager.swift */ = {isa = PBXFileReference; fileEncoding = 4; lastKnownFileType = sourcecode.swift; name = TosastBarMenager.swift; path = ../Model/TosastBarMenager.swift; sourceTree = "<group>"; };
		18330C2E1E59CE7D00B96CB1 /* Thilim.app */ = {isa = PBXFileReference; explicitFileType = wrapper.application; includeInIndex = 0; path = Thilim.app; sourceTree = BUILT_PRODUCTS_DIR; };
		18330C311E59CE7D00B96CB1 /* AppDelegate.swift */ = {isa = PBXFileReference; lastKnownFileType = sourcecode.swift; path = AppDelegate.swift; sourceTree = "<group>"; };
		18330C331E59CE7D00B96CB1 /* ViewController.swift */ = {isa = PBXFileReference; lastKnownFileType = sourcecode.swift; path = ViewController.swift; sourceTree = "<group>"; };
		18330C361E59CE7D00B96CB1 /* Base */ = {isa = PBXFileReference; lastKnownFileType = file.storyboard; name = Base; path = Base.lproj/Main.storyboard; sourceTree = "<group>"; };
		18330C381E59CE7D00B96CB1 /* Assets.xcassets */ = {isa = PBXFileReference; lastKnownFileType = folder.assetcatalog; path = Assets.xcassets; sourceTree = "<group>"; };
		18330C3B1E59CE7D00B96CB1 /* Base */ = {isa = PBXFileReference; lastKnownFileType = file.storyboard; name = Base; path = Base.lproj/LaunchScreen.storyboard; sourceTree = "<group>"; };
		18330C3D1E59CE7D00B96CB1 /* Info.plist */ = {isa = PBXFileReference; lastKnownFileType = text.plist.xml; name = Info.plist; path = ../Info.plist; sourceTree = "<group>"; };
		18330C481E59DE4F00B96CB1 /* MainTableViewCell.swift */ = {isa = PBXFileReference; fileEncoding = 4; lastKnownFileType = sourcecode.swift; name = MainTableViewCell.swift; path = MainCell/MainTableViewCell.swift; sourceTree = "<group>"; };
		18330C4A1E59E0AC00B96CB1 /* PrayViewController.swift */ = {isa = PBXFileReference; fileEncoding = 4; lastKnownFileType = sourcecode.swift; path = PrayViewController.swift; sourceTree = "<group>"; };
		18330C4C1E59EB3200B96CB1 /* MonthlyThilim.plist */ = {isa = PBXFileReference; fileEncoding = 4; lastKnownFileType = text.plist.xml; name = MonthlyThilim.plist; path = ../MonthlyThilim.plist; sourceTree = "<group>"; };
		184BCE631F37481900ED0958 /* AboutViewController.swift */ = {isa = PBXFileReference; fileEncoding = 4; lastKnownFileType = sourcecode.swift; path = AboutViewController.swift; sourceTree = "<group>"; };
		184BCE691F383B9E00ED0958 /* ThilimToday.appex */ = {isa = PBXFileReference; explicitFileType = "wrapper.app-extension"; includeInIndex = 0; path = ThilimToday.appex; sourceTree = BUILT_PRODUCTS_DIR; };
		184BCE6B1F383B9E00ED0958 /* NotificationCenter.framework */ = {isa = PBXFileReference; lastKnownFileType = wrapper.framework; name = NotificationCenter.framework; path = System/Library/Frameworks/NotificationCenter.framework; sourceTree = SDKROOT; };
		184BCE6E1F383B9E00ED0958 /* TodayViewController.swift */ = {isa = PBXFileReference; lastKnownFileType = sourcecode.swift; path = TodayViewController.swift; sourceTree = "<group>"; };
		184BCE711F383B9E00ED0958 /* Base */ = {isa = PBXFileReference; lastKnownFileType = file.storyboard; name = Base; path = Base.lproj/MainInterface.storyboard; sourceTree = "<group>"; };
		184BCE731F383B9E00ED0958 /* Info.plist */ = {isa = PBXFileReference; lastKnownFileType = text.plist.xml; path = Info.plist; sourceTree = "<group>"; };
		184BCE7C1F38558300ED0958 /* DeepLinkingManager.swift */ = {isa = PBXFileReference; fileEncoding = 4; lastKnownFileType = sourcecode.swift; name = DeepLinkingManager.swift; path = ../DeepLinkingManager.swift; sourceTree = "<group>"; };
		185B96E01E632597008EECB3 /* EditPorsanlChaptersViewController.swift */ = {isa = PBXFileReference; fileEncoding = 4; lastKnownFileType = sourcecode.swift; path = EditPorsanlChaptersViewController.swift; sourceTree = "<group>"; };
		185B96E21E644318008EECB3 /* EditPorsanlChaptersCell.swift */ = {isa = PBXFileReference; fileEncoding = 4; lastKnownFileType = sourcecode.swift; name = EditPorsanlChaptersCell.swift; path = EditPorsanl/EditPorsanlChaptersCell.swift; sourceTree = "<group>"; };
		186162EB1F56F3D5000F0CD4 /* AlulThilim.plist */ = {isa = PBXFileReference; fileEncoding = 4; lastKnownFileType = text.plist.xml; path = AlulThilim.plist; sourceTree = "<group>"; };
		187A6AF31E5DF3A900DF7B96 /* PrayTableViewCell.swift */ = {isa = PBXFileReference; fileEncoding = 4; lastKnownFileType = sourcecode.swift; name = PrayTableViewCell.swift; path = MainCell/PrayTableViewCell.swift; sourceTree = "<group>"; };
		187B2C6E1E65D2F60025EC2D /* AddNewChapterViewController.swift */ = {isa = PBXFileReference; fileEncoding = 4; lastKnownFileType = sourcecode.swift; path = AddNewChapterViewController.swift; sourceTree = "<group>"; };
		187B2C701E65F8480025EC2D /* Utils.swift */ = {isa = PBXFileReference; fileEncoding = 4; lastKnownFileType = sourcecode.swift; path = Utils.swift; sourceTree = "<group>"; };
		187E02B61E5C1D4F00290991 /* PikerView.swift */ = {isa = PBXFileReference; fileEncoding = 4; lastKnownFileType = sourcecode.swift; name = PikerView.swift; path = PikerView/PikerView.swift; sourceTree = "<group>"; };
		18A2A3BB1E5B0E1A00EE8B10 /* BoooksThilim.plist */ = {isa = PBXFileReference; fileEncoding = 4; lastKnownFileType = text.plist.xml; name = BoooksThilim.plist; path = ../BoooksThilim.plist; sourceTree = "<group>"; };
		18A2A3BD1E5B0E4B00EE8B10 /* WeeklyThilim.plist */ = {isa = PBXFileReference; fileEncoding = 4; lastKnownFileType = text.plist.xml; name = WeeklyThilim.plist; path = ../WeeklyThilim.plist; sourceTree = "<group>"; };
		18A2A3BF1E5B0E6E00EE8B10 /* personThilim.plist */ = {isa = PBXFileReference; fileEncoding = 4; lastKnownFileType = text.plist.xml; name = personThilim.plist; path = ../personThilim.plist; sourceTree = "<group>"; };
		18AF8CA01EB70B96002103D1 /* Localizable.strings */ = {isa = PBXFileReference; fileEncoding = 4; lastKnownFileType = text.plist.strings; name = Localizable.strings; path = Sources/Localizable.strings; sourceTree = "<group>"; };
		18EB07C01F38A58F004DF73D /* AVFoundation.framework */ = {isa = PBXFileReference; lastKnownFileType = wrapper.framework; name = AVFoundation.framework; path = System/Library/Frameworks/AVFoundation.framework; sourceTree = SDKROOT; };
		18EB07C11F38A58F004DF73D /* Foundation.framework */ = {isa = PBXFileReference; lastKnownFileType = wrapper.framework; name = Foundation.framework; path = System/Library/Frameworks/Foundation.framework; sourceTree = SDKROOT; };
/* End PBXFileReference section */

/* Begin PBXFrameworksBuildPhase section */
		18330C2B1E59CE7D00B96CB1 /* Frameworks */ = {
			isa = PBXFrameworksBuildPhase;
			buildActionMask = 2147483647;
			files = (
				18EB07C21F38A58F004DF73D /* AVFoundation.framework in Frameworks */,
				18EB07C31F38A58F004DF73D /* Foundation.framework in Frameworks */,
			);
			runOnlyForDeploymentPostprocessing = 0;
		};
		184BCE661F383B9E00ED0958 /* Frameworks */ = {
			isa = PBXFrameworksBuildPhase;
			buildActionMask = 2147483647;
			files = (
				184BCE6C1F383B9E00ED0958 /* NotificationCenter.framework in Frameworks */,
			);
			runOnlyForDeploymentPostprocessing = 0;
		};
/* End PBXFrameworksBuildPhase section */

/* Begin PBXGroup section */
		18330C251E59CE7D00B96CB1 = {
			isa = PBXGroup;
			children = (
				18330C301E59CE7D00B96CB1 /* Thilim */,
				184BCE6D1F383B9E00ED0958 /* ThilimToday */,
				184BCE6A1F383B9E00ED0958 /* Frameworks */,
				18330C2F1E59CE7D00B96CB1 /* Products */,
			);
			sourceTree = "<group>";
		};
		18330C2F1E59CE7D00B96CB1 /* Products */ = {
			isa = PBXGroup;
			children = (
				18330C2E1E59CE7D00B96CB1 /* Thilim.app */,
				184BCE691F383B9E00ED0958 /* ThilimToday.appex */,
			);
			name = Products;
			sourceTree = "<group>";
		};
		18330C301E59CE7D00B96CB1 /* Thilim */ = {
			isa = PBXGroup;
			children = (
				18AF8CA01EB70B96002103D1 /* Localizable.strings */,
				18330C311E59CE7D00B96CB1 /* AppDelegate.swift */,
				18330C331E59CE7D00B96CB1 /* ViewController.swift */,
				18330C351E59CE7D00B96CB1 /* Main.storyboard */,
				18330C381E59CE7D00B96CB1 /* Assets.xcassets */,
				18330C3A1E59CE7D00B96CB1 /* LaunchScreen.storyboard */,
				18330C431E59D6AC00B96CB1 /* Controller */,
				18330C441E59D6AC00B96CB1 /* Model */,
				18330C451E59D6AC00B96CB1 /* View */,
			);
			path = Thilim;
			sourceTree = "<group>";
		};
		18330C431E59D6AC00B96CB1 /* Controller */ = {
			isa = PBXGroup;
			children = (
				18330C4A1E59E0AC00B96CB1 /* PrayViewController.swift */,
				184BCE631F37481900ED0958 /* AboutViewController.swift */,
				187B2C6E1E65D2F60025EC2D /* AddNewChapterViewController.swift */,
				181AA1291E62E3D2000CC0B0 /* SingleCheapterViewController.swift */,
				185B96E01E632597008EECB3 /* EditPorsanlChaptersViewController.swift */,
			);
			path = Controller;
			sourceTree = "<group>";
		};
		18330C441E59D6AC00B96CB1 /* Model */ = {
			isa = PBXGroup;
			children = (
				186162EB1F56F3D5000F0CD4 /* AlulThilim.plist */,
				184BCE7C1F38558300ED0958 /* DeepLinkingManager.swift */,
				18299EC21F45C77400285EB5 /* MemoryMames.plist */,
				18299EC01F45C6E000285EB5 /* loveMames.plist */,
				18330C3D1E59CE7D00B96CB1 /* Info.plist */,
				18330C4C1E59EB3200B96CB1 /* MonthlyThilim.plist */,
				18A2A3BD1E5B0E4B00EE8B10 /* WeeklyThilim.plist */,
				18A2A3BB1E5B0E1A00EE8B10 /* BoooksThilim.plist */,
				18A2A3BF1E5B0E6E00EE8B10 /* personThilim.plist */,
				187B2C701E65F8480025EC2D /* Utils.swift */,
			);
			path = Model;
			sourceTree = "<group>";
		};
		18330C451E59D6AC00B96CB1 /* View */ = {
			isa = PBXGroup;
			children = (
				1830B5D91E6DA1F30040C2F4 /* TosastBarMenager.swift */,
				18299EBE1F45C3D000285EB5 /* AboutTableViewCell.swift */,
				18330C481E59DE4F00B96CB1 /* MainTableViewCell.swift */,
				185B96E21E644318008EECB3 /* EditPorsanlChaptersCell.swift */,
				187A6AF31E5DF3A900DF7B96 /* PrayTableViewCell.swift */,
				187E02B61E5C1D4F00290991 /* PikerView.swift */,
			);
			path = View;
			sourceTree = "<group>";
		};
		184BCE6A1F383B9E00ED0958 /* Frameworks */ = {
			isa = PBXGroup;
			children = (
				18EB07C01F38A58F004DF73D /* AVFoundation.framework */,
				18EB07C11F38A58F004DF73D /* Foundation.framework */,
				184BCE6B1F383B9E00ED0958 /* NotificationCenter.framework */,
			);
			name = Frameworks;
			sourceTree = "<group>";
		};
		184BCE6D1F383B9E00ED0958 /* ThilimToday */ = {
			isa = PBXGroup;
			children = (
				184BCE6E1F383B9E00ED0958 /* TodayViewController.swift */,
				184BCE701F383B9E00ED0958 /* MainInterface.storyboard */,
				184BCE731F383B9E00ED0958 /* Info.plist */,
			);
			path = ThilimToday;
			sourceTree = "<group>";
		};
/* End PBXGroup section */

/* Begin PBXNativeTarget section */
		18330C2D1E59CE7D00B96CB1 /* Thilim */ = {
			isa = PBXNativeTarget;
			buildConfigurationList = 18330C401E59CE7D00B96CB1 /* Build configuration list for PBXNativeTarget "Thilim" */;
			buildPhases = (
				18330C2A1E59CE7D00B96CB1 /* Sources */,
				18330C2B1E59CE7D00B96CB1 /* Frameworks */,
				18330C2C1E59CE7D00B96CB1 /* Resources */,
				184BCE7A1F383B9E00ED0958 /* Embed App Extensions */,
			);
			buildRules = (
			);
			dependencies = (
				184BCE751F383B9E00ED0958 /* PBXTargetDependency */,
			);
			name = Thilim;
			productName = Thilim;
			productReference = 18330C2E1E59CE7D00B96CB1 /* Thilim.app */;
			productType = "com.apple.product-type.application";
		};
		184BCE681F383B9E00ED0958 /* ThilimToday */ = {
			isa = PBXNativeTarget;
			buildConfigurationList = 184BCE791F383B9E00ED0958 /* Build configuration list for PBXNativeTarget "ThilimToday" */;
			buildPhases = (
				184BCE651F383B9E00ED0958 /* Sources */,
				184BCE661F383B9E00ED0958 /* Frameworks */,
				184BCE671F383B9E00ED0958 /* Resources */,
			);
			buildRules = (
			);
			dependencies = (
			);
			name = ThilimToday;
			productName = ThilimToday;
			productReference = 184BCE691F383B9E00ED0958 /* ThilimToday.appex */;
			productType = "com.apple.product-type.app-extension";
		};
/* End PBXNativeTarget section */

/* Begin PBXProject section */
		18330C261E59CE7D00B96CB1 /* Project object */ = {
			isa = PBXProject;
			attributes = {
				LastSwiftUpdateCheck = 0830;
				LastUpgradeCheck = 1200;
				ORGANIZATIONNAME = "Israel Berezin";
				TargetAttributes = {
					18330C2D1E59CE7D00B96CB1 = {
						CreatedOnToolsVersion = 8.2.1;
						DevelopmentTeam = 69457SZR83;
						ProvisioningStyle = Automatic;
					};
					184BCE681F383B9E00ED0958 = {
						CreatedOnToolsVersion = 8.3.3;
						DevelopmentTeam = 69457SZR83;
						ProvisioningStyle = Automatic;
					};
				};
			};
			buildConfigurationList = 18330C291E59CE7D00B96CB1 /* Build configuration list for PBXProject "Thilim" */;
			compatibilityVersion = "Xcode 3.2";
			developmentRegion = en;
			hasScannedForEncodings = 0;
			knownRegions = (
				en,
				Base,
			);
			mainGroup = 18330C251E59CE7D00B96CB1;
			productRefGroup = 18330C2F1E59CE7D00B96CB1 /* Products */;
			projectDirPath = "";
			projectRoot = "";
			targets = (
				18330C2D1E59CE7D00B96CB1 /* Thilim */,
				184BCE681F383B9E00ED0958 /* ThilimToday */,
			);
		};
/* End PBXProject section */

/* Begin PBXResourcesBuildPhase section */
		18330C2C1E59CE7D00B96CB1 /* Resources */ = {
			isa = PBXResourcesBuildPhase;
			buildActionMask = 2147483647;
			files = (
				18A2A3BC1E5B0E1A00EE8B10 /* BoooksThilim.plist in Resources */,
				18A2A3C01E5B0E6E00EE8B10 /* personThilim.plist in Resources */,
				18299EC11F45C6E000285EB5 /* loveMames.plist in Resources */,
				18AF8CA11EB70B96002103D1 /* Localizable.strings in Resources */,
				18A2A3BE1E5B0E4B00EE8B10 /* WeeklyThilim.plist in Resources */,
				18299EC31F45C77400285EB5 /* MemoryMames.plist in Resources */,
				18330C3C1E59CE7D00B96CB1 /* LaunchScreen.storyboard in Resources */,
				186162EC1F56F3D5000F0CD4 /* AlulThilim.plist in Resources */,
				18330C391E59CE7D00B96CB1 /* Assets.xcassets in Resources */,
				18330C371E59CE7D00B96CB1 /* Main.storyboard in Resources */,
				18330C4D1E59EB3200B96CB1 /* MonthlyThilim.plist in Resources */,
			);
			runOnlyForDeploymentPostprocessing = 0;
		};
		184BCE671F383B9E00ED0958 /* Resources */ = {
			isa = PBXResourcesBuildPhase;
			buildActionMask = 2147483647;
			files = (
				184BCE721F383B9E00ED0958 /* MainInterface.storyboard in Resources */,
				184BCE7F1F38603400ED0958 /* Assets.xcassets in Resources */,
				184BCE7E1F3855AA00ED0958 /* Localizable.strings in Resources */,
			);
			runOnlyForDeploymentPostprocessing = 0;
		};
/* End PBXResourcesBuildPhase section */

/* Begin PBXSourcesBuildPhase section */
		18330C2A1E59CE7D00B96CB1 /* Sources */ = {
			isa = PBXSourcesBuildPhase;
			buildActionMask = 2147483647;
			files = (
				185B96E11E632597008EECB3 /* EditPorsanlChaptersViewController.swift in Sources */,
				185B96E31E644318008EECB3 /* EditPorsanlChaptersCell.swift in Sources */,
				18330C341E59CE7D00B96CB1 /* ViewController.swift in Sources */,
				18330C491E59DE4F00B96CB1 /* MainTableViewCell.swift in Sources */,
				181AA12A1E62E3D2000CC0B0 /* SingleCheapterViewController.swift in Sources */,
				187B2C6F1E65D2F60025EC2D /* AddNewChapterViewController.swift in Sources */,
				18299EBF1F45C3D000285EB5 /* AboutTableViewCell.swift in Sources */,
				18330C4B1E59E0AC00B96CB1 /* PrayViewController.swift in Sources */,
				1830B5DA1E6DA1F30040C2F4 /* TosastBarMenager.swift in Sources */,
				187B2C711E65F8480025EC2D /* Utils.swift in Sources */,
				18330C321E59CE7D00B96CB1 /* AppDelegate.swift in Sources */,
				187E02B71E5C1D4F00290991 /* PikerView.swift in Sources */,
				184BCE7D1F38558300ED0958 /* DeepLinkingManager.swift in Sources */,
				184BCE641F37481900ED0958 /* AboutViewController.swift in Sources */,
				187A6AF41E5DF3A900DF7B96 /* PrayTableViewCell.swift in Sources */,
			);
			runOnlyForDeploymentPostprocessing = 0;
		};
		184BCE651F383B9E00ED0958 /* Sources */ = {
			isa = PBXSourcesBuildPhase;
			buildActionMask = 2147483647;
			files = (
				184BCE7B1F38417C00ED0958 /* MainTableViewCell.swift in Sources */,
				184BCE6F1F383B9E00ED0958 /* TodayViewController.swift in Sources */,
			);
			runOnlyForDeploymentPostprocessing = 0;
		};
/* End PBXSourcesBuildPhase section */

/* Begin PBXTargetDependency section */
		184BCE751F383B9E00ED0958 /* PBXTargetDependency */ = {
			isa = PBXTargetDependency;
			target = 184BCE681F383B9E00ED0958 /* ThilimToday */;
			targetProxy = 184BCE741F383B9E00ED0958 /* PBXContainerItemProxy */;
		};
/* End PBXTargetDependency section */

/* Begin PBXVariantGroup section */
		18330C351E59CE7D00B96CB1 /* Main.storyboard */ = {
			isa = PBXVariantGroup;
			children = (
				18330C361E59CE7D00B96CB1 /* Base */,
			);
			name = Main.storyboard;
			sourceTree = "<group>";
		};
		18330C3A1E59CE7D00B96CB1 /* LaunchScreen.storyboard */ = {
			isa = PBXVariantGroup;
			children = (
				18330C3B1E59CE7D00B96CB1 /* Base */,
			);
			name = LaunchScreen.storyboard;
			sourceTree = "<group>";
		};
		184BCE701F383B9E00ED0958 /* MainInterface.storyboard */ = {
			isa = PBXVariantGroup;
			children = (
				184BCE711F383B9E00ED0958 /* Base */,
			);
			name = MainInterface.storyboard;
			sourceTree = "<group>";
		};
/* End PBXVariantGroup section */

/* Begin XCBuildConfiguration section */
		18330C3E1E59CE7D00B96CB1 /* Debug */ = {
			isa = XCBuildConfiguration;
			buildSettings = {
				ALWAYS_SEARCH_USER_PATHS = NO;
				CLANG_ANALYZER_LOCALIZABILITY_NONLOCALIZED = YES;
				CLANG_ANALYZER_NONNULL = YES;
				CLANG_CXX_LANGUAGE_STANDARD = "gnu++0x";
				CLANG_CXX_LIBRARY = "libc++";
				CLANG_ENABLE_MODULES = YES;
				CLANG_ENABLE_OBJC_ARC = YES;
				CLANG_WARN_BLOCK_CAPTURE_AUTORELEASING = YES;
				CLANG_WARN_BOOL_CONVERSION = YES;
				CLANG_WARN_COMMA = YES;
				CLANG_WARN_CONSTANT_CONVERSION = YES;
				CLANG_WARN_DEPRECATED_OBJC_IMPLEMENTATIONS = YES;
				CLANG_WARN_DIRECT_OBJC_ISA_USAGE = YES_ERROR;
				CLANG_WARN_DOCUMENTATION_COMMENTS = YES;
				CLANG_WARN_EMPTY_BODY = YES;
				CLANG_WARN_ENUM_CONVERSION = YES;
				CLANG_WARN_INFINITE_RECURSION = YES;
				CLANG_WARN_INT_CONVERSION = YES;
				CLANG_WARN_NON_LITERAL_NULL_CONVERSION = YES;
				CLANG_WARN_OBJC_IMPLICIT_RETAIN_SELF = YES;
				CLANG_WARN_OBJC_LITERAL_CONVERSION = YES;
				CLANG_WARN_OBJC_ROOT_CLASS = YES_ERROR;
				CLANG_WARN_QUOTED_INCLUDE_IN_FRAMEWORK_HEADER = YES;
				CLANG_WARN_RANGE_LOOP_ANALYSIS = YES;
				CLANG_WARN_STRICT_PROTOTYPES = YES;
				CLANG_WARN_SUSPICIOUS_MOVE = YES;
				CLANG_WARN_UNREACHABLE_CODE = YES;
				CLANG_WARN__DUPLICATE_METHOD_MATCH = YES;
				"CODE_SIGN_IDENTITY[sdk=iphoneos*]" = "iPhone Developer";
				COPY_PHASE_STRIP = NO;
				DEBUG_INFORMATION_FORMAT = dwarf;
				ENABLE_STRICT_OBJC_MSGSEND = YES;
				ENABLE_TESTABILITY = YES;
				GCC_C_LANGUAGE_STANDARD = gnu99;
				GCC_DYNAMIC_NO_PIC = NO;
				GCC_NO_COMMON_BLOCKS = YES;
				GCC_OPTIMIZATION_LEVEL = 0;
				GCC_PREPROCESSOR_DEFINITIONS = (
					"DEBUG=1",
					"$(inherited)",
				);
				GCC_WARN_64_TO_32_BIT_CONVERSION = YES;
				GCC_WARN_ABOUT_RETURN_TYPE = YES_ERROR;
				GCC_WARN_UNDECLARED_SELECTOR = YES;
				GCC_WARN_UNINITIALIZED_AUTOS = YES_AGGRESSIVE;
				GCC_WARN_UNUSED_FUNCTION = YES;
				GCC_WARN_UNUSED_VARIABLE = YES;
				IPHONEOS_DEPLOYMENT_TARGET = 12.0;
				MTL_ENABLE_DEBUG_INFO = YES;
				ONLY_ACTIVE_ARCH = YES;
				SDKROOT = iphoneos;
				SWIFT_ACTIVE_COMPILATION_CONDITIONS = DEBUG;
				SWIFT_OPTIMIZATION_LEVEL = "-Onone";
				SWIFT_VERSION = 5.0;
				TARGETED_DEVICE_FAMILY = "1,2";
			};
			name = Debug;
		};
		18330C3F1E59CE7D00B96CB1 /* Release */ = {
			isa = XCBuildConfiguration;
			buildSettings = {
				ALWAYS_SEARCH_USER_PATHS = NO;
				CLANG_ANALYZER_LOCALIZABILITY_NONLOCALIZED = YES;
				CLANG_ANALYZER_NONNULL = YES;
				CLANG_CXX_LANGUAGE_STANDARD = "gnu++0x";
				CLANG_CXX_LIBRARY = "libc++";
				CLANG_ENABLE_MODULES = YES;
				CLANG_ENABLE_OBJC_ARC = YES;
				CLANG_WARN_BLOCK_CAPTURE_AUTORELEASING = YES;
				CLANG_WARN_BOOL_CONVERSION = YES;
				CLANG_WARN_COMMA = YES;
				CLANG_WARN_CONSTANT_CONVERSION = YES;
				CLANG_WARN_DEPRECATED_OBJC_IMPLEMENTATIONS = YES;
				CLANG_WARN_DIRECT_OBJC_ISA_USAGE = YES_ERROR;
				CLANG_WARN_DOCUMENTATION_COMMENTS = YES;
				CLANG_WARN_EMPTY_BODY = YES;
				CLANG_WARN_ENUM_CONVERSION = YES;
				CLANG_WARN_INFINITE_RECURSION = YES;
				CLANG_WARN_INT_CONVERSION = YES;
				CLANG_WARN_NON_LITERAL_NULL_CONVERSION = YES;
				CLANG_WARN_OBJC_IMPLICIT_RETAIN_SELF = YES;
				CLANG_WARN_OBJC_LITERAL_CONVERSION = YES;
				CLANG_WARN_OBJC_ROOT_CLASS = YES_ERROR;
				CLANG_WARN_QUOTED_INCLUDE_IN_FRAMEWORK_HEADER = YES;
				CLANG_WARN_RANGE_LOOP_ANALYSIS = YES;
				CLANG_WARN_STRICT_PROTOTYPES = YES;
				CLANG_WARN_SUSPICIOUS_MOVE = YES;
				CLANG_WARN_UNREACHABLE_CODE = YES;
				CLANG_WARN__DUPLICATE_METHOD_MATCH = YES;
				"CODE_SIGN_IDENTITY[sdk=iphoneos*]" = "iPhone Developer";
				COPY_PHASE_STRIP = NO;
				DEBUG_INFORMATION_FORMAT = "dwarf-with-dsym";
				ENABLE_NS_ASSERTIONS = NO;
				ENABLE_STRICT_OBJC_MSGSEND = YES;
				GCC_C_LANGUAGE_STANDARD = gnu99;
				GCC_NO_COMMON_BLOCKS = YES;
				GCC_WARN_64_TO_32_BIT_CONVERSION = YES;
				GCC_WARN_ABOUT_RETURN_TYPE = YES_ERROR;
				GCC_WARN_UNDECLARED_SELECTOR = YES;
				GCC_WARN_UNINITIALIZED_AUTOS = YES_AGGRESSIVE;
				GCC_WARN_UNUSED_FUNCTION = YES;
				GCC_WARN_UNUSED_VARIABLE = YES;
				IPHONEOS_DEPLOYMENT_TARGET = 12.0;
				MTL_ENABLE_DEBUG_INFO = NO;
				SDKROOT = iphoneos;
				SWIFT_OPTIMIZATION_LEVEL = "-Owholemodule";
				SWIFT_VERSION = 5.0;
				TARGETED_DEVICE_FAMILY = "1,2";
				VALIDATE_PRODUCT = YES;
			};
			name = Release;
		};
		18330C411E59CE7D00B96CB1 /* Debug */ = {
			isa = XCBuildConfiguration;
			buildSettings = {
				ALWAYS_EMBED_SWIFT_STANDARD_LIBRARIES = YES;
				ASSETCATALOG_COMPILER_APPICON_NAME = AppIcon;
				DEVELOPMENT_TEAM = 69457SZR83;
				INFOPLIST_FILE = Thilim/Info.plist;
				IPHONEOS_DEPLOYMENT_TARGET = 12.0;
				LD_RUNPATH_SEARCH_PATHS = "$(inherited) @executable_path/Frameworks";
				PRODUCT_BUNDLE_IDENTIFIER = com.App2.TestThilim;
				PRODUCT_NAME = "$(TARGET_NAME)";
				SWIFT_VERSION = 5.0;
			};
			name = Debug;
		};
		18330C421E59CE7D00B96CB1 /* Release */ = {
			isa = XCBuildConfiguration;
			buildSettings = {
				ALWAYS_EMBED_SWIFT_STANDARD_LIBRARIES = YES;
				ASSETCATALOG_COMPILER_APPICON_NAME = AppIcon;
				DEVELOPMENT_TEAM = 69457SZR83;
				INFOPLIST_FILE = Thilim/Info.plist;
				IPHONEOS_DEPLOYMENT_TARGET = 12.0;
				LD_RUNPATH_SEARCH_PATHS = "$(inherited) @executable_path/Frameworks";
				PRODUCT_BUNDLE_IDENTIFIER = com.App2.TestThilim;
				PRODUCT_NAME = "$(TARGET_NAME)";
				SWIFT_VERSION = 5.0;
			};
			name = Release;
		};
		184BCE771F383B9E00ED0958 /* Debug */ = {
			isa = XCBuildConfiguration;
			buildSettings = {
				CLANG_ANALYZER_NUMBER_OBJECT_CONVERSION = YES_AGGRESSIVE;
				DEVELOPMENT_TEAM = 69457SZR83;
				INFOPLIST_FILE = ThilimToday/Info.plist;
				IPHONEOS_DEPLOYMENT_TARGET = 12.0;
				LD_RUNPATH_SEARCH_PATHS = "$(inherited) @executable_path/Frameworks @executable_path/../../Frameworks";
				PRODUCT_BUNDLE_IDENTIFIER = com.App2.TestThilim.ThilimToday;
				PRODUCT_NAME = "$(TARGET_NAME)";
				SKIP_INSTALL = YES;
				SWIFT_VERSION = 5.0;
			};
			name = Debug;
		};
		184BCE781F383B9E00ED0958 /* Release */ = {
			isa = XCBuildConfiguration;
			buildSettings = {
				CLANG_ANALYZER_NUMBER_OBJECT_CONVERSION = YES_AGGRESSIVE;
				DEVELOPMENT_TEAM = 69457SZR83;
				INFOPLIST_FILE = ThilimToday/Info.plist;
				IPHONEOS_DEPLOYMENT_TARGET = 12.0;
				LD_RUNPATH_SEARCH_PATHS = "$(inherited) @executable_path/Frameworks @executable_path/../../Frameworks";
				PRODUCT_BUNDLE_IDENTIFIER = com.App2.TestThilim.ThilimToday;
				PRODUCT_NAME = "$(TARGET_NAME)";
				SKIP_INSTALL = YES;
				SWIFT_VERSION = 5.0;
			};
			name = Release;
		};
/* End XCBuildConfiguration section */

/* Begin XCConfigurationList section */
		18330C291E59CE7D00B96CB1 /* Build configuration list for PBXProject "Thilim" */ = {
			isa = XCConfigurationList;
			buildConfigurations = (
				18330C3E1E59CE7D00B96CB1 /* Debug */,
				18330C3F1E59CE7D00B96CB1 /* Release */,
			);
			defaultConfigurationIsVisible = 0;
			defaultConfigurationName = Release;
		};
		18330C401E59CE7D00B96CB1 /* Build configuration list for PBXNativeTarget "Thilim" */ = {
			isa = XCConfigurationList;
			buildConfigurations = (
				18330C411E59CE7D00B96CB1 /* Debug */,
				18330C421E59CE7D00B96CB1 /* Release */,
			);
			defaultConfigurationIsVisible = 0;
			defaultConfigurationName = Release;
		};
		184BCE791F383B9E00ED0958 /* Build configuration list for PBXNativeTarget "ThilimToday" */ = {
			isa = XCConfigurationList;
			buildConfigurations = (
				184BCE771F383B9E00ED0958 /* Debug */,
				184BCE781F383B9E00ED0958 /* Release */,
			);
			defaultConfigurationIsVisible = 0;
			defaultConfigurationName = Release;
		};
/* End XCConfigurationList section */
	};
	rootObject = 18330C261E59CE7D00B96CB1 /* Project object */;
}
